
Microsoft Visual Studio Solution File, Format Version 12.00
# Visual Studio 15
VisualStudioVersion = 15.0.28010.0
MinimumVisualStudioVersion = 10.0.40219.1
Project("{FAE04EC0-301F-11D3-BF4B-00C04F79EFBC}") = "ProjectSync", "ProjectSync\ProjectSync.csproj", "{3D82E508-0557-41DA-8FF4-AF42E949E14D}"
EndProject
Global
	GlobalSection(SolutionConfigurationPlatforms) = preSolution
		Debug|Any CPU = Debug|Any CPU
		Release|Any CPU = Release|Any CPU
	EndGlobalSection
	GlobalSection(ProjectConfigurationPlatforms) = postSolution
		{3D82E508-0557-41DA-8FF4-AF42E949E14D}.Debug|Any CPU.ActiveCfg = Debug|Any CPU
		{3D82E508-0557-41DA-8FF4-AF42E949E14D}.Debug|Any CPU.Build.0 = Debug|Any CPU
		{3D82E508-0557-41DA-8FF4-AF42E949E14D}.Release|Any CPU.ActiveCfg = Release|Any CPU
		{3D82E508-0557-41DA-8FF4-AF42E949E14D}.Release|Any CPU.Build.0 = Release|Any CPU
	EndGlobalSection
	GlobalSection(SolutionProperties) = preSolution
		HideSolutionNode = FALSE
	EndGlobalSection
	GlobalSection(ExtensibilityGlobals) = postSolution
		SolutionGuid = {725E253C-AD39-4789-B49F-958E681AB5A8}
	EndGlobalSection
EndGlobal
